// !$*UTF8*$!
{
	archiveVersion = 1;
	classes = {
	};
	objectVersion = 55;
	objects = {

/* Begin PBXBuildFile section */
		D26110DC275D2B6E005F116B /* GameEngine.swift in Sources */ = {isa = PBXBuildFile; fileRef = D26110DB275D2B6E005F116B /* GameEngine.swift */; };
		D26110DE275D2B98005F116B /* Checker.swift in Sources */ = {isa = PBXBuildFile; fileRef = D26110DD275D2B98005F116B /* Checker.swift */; };
		D29C3831275BC9BA00AD599C /* AppDelegate.swift in Sources */ = {isa = PBXBuildFile; fileRef = D29C3830275BC9BA00AD599C /* AppDelegate.swift */; };
		D29C3833275BC9BA00AD599C /* SceneDelegate.swift in Sources */ = {isa = PBXBuildFile; fileRef = D29C3832275BC9BA00AD599C /* SceneDelegate.swift */; };
		D29C3835275BC9BA00AD599C /* GameViewController.swift in Sources */ = {isa = PBXBuildFile; fileRef = D29C3834275BC9BA00AD599C /* GameViewController.swift */; };
		D29C3838275BC9BA00AD599C /* Main.storyboard in Resources */ = {isa = PBXBuildFile; fileRef = D29C3836275BC9BA00AD599C /* Main.storyboard */; };
		D29C383A275BC9BC00AD599C /* Assets.xcassets in Resources */ = {isa = PBXBuildFile; fileRef = D29C3839275BC9BC00AD599C /* Assets.xcassets */; };
		D29C383D275BC9BC00AD599C /* LaunchScreen.storyboard in Resources */ = {isa = PBXBuildFile; fileRef = D29C383B275BC9BC00AD599C /* LaunchScreen.storyboard */; };
		D29C3850275BF8CC00AD599C /* GameScene.swift in Sources */ = {isa = PBXBuildFile; fileRef = D29C384F275BF8CC00AD599C /* GameScene.swift */; };
		D29C3852275C029F00AD599C /* Helpers.swift in Sources */ = {isa = PBXBuildFile; fileRef = D29C3851275C029F00AD599C /* Helpers.swift */; };
		D29C3854275C0FFD00AD599C /* Constants.swift in Sources */ = {isa = PBXBuildFile; fileRef = D29C3853275C0FFD00AD599C /* Constants.swift */; };
/* End PBXBuildFile section */

/* Begin PBXFileReference section */
		D26110DB275D2B6E005F116B /* GameEngine.swift */ = {isa = PBXFileReference; lastKnownFileType = sourcecode.swift; path = GameEngine.swift; sourceTree = "<group>"; };
		D26110DD275D2B98005F116B /* Checker.swift */ = {isa = PBXFileReference; lastKnownFileType = sourcecode.swift; path = Checker.swift; sourceTree = "<group>"; };
		D29C382D275BC9BA00AD599C /* ClobberGame.app */ = {isa = PBXFileReference; explicitFileType = wrapper.application; includeInIndex = 0; path = ClobberGame.app; sourceTree = BUILT_PRODUCTS_DIR; };
		D29C3830275BC9BA00AD599C /* AppDelegate.swift */ = {isa = PBXFileReference; lastKnownFileType = sourcecode.swift; path = AppDelegate.swift; sourceTree = "<group>"; };
		D29C3832275BC9BA00AD599C /* SceneDelegate.swift */ = {isa = PBXFileReference; lastKnownFileType = sourcecode.swift; path = SceneDelegate.swift; sourceTree = "<group>"; };
		D29C3834275BC9BA00AD599C /* GameViewController.swift */ = {isa = PBXFileReference; lastKnownFileType = sourcecode.swift; path = GameViewController.swift; sourceTree = "<group>"; };
		D29C3837275BC9BA00AD599C /* Base */ = {isa = PBXFileReference; lastKnownFileType = file.storyboard; name = Base; path = Base.lproj/Main.storyboard; sourceTree = "<group>"; };
		D29C3839275BC9BC00AD599C /* Assets.xcassets */ = {isa = PBXFileReference; lastKnownFileType = folder.assetcatalog; path = Assets.xcassets; sourceTree = "<group>"; };
		D29C383C275BC9BC00AD599C /* Base */ = {isa = PBXFileReference; lastKnownFileType = file.storyboard; name = Base; path = Base.lproj/LaunchScreen.storyboard; sourceTree = "<group>"; };
		D29C383E275BC9BC00AD599C /* Info.plist */ = {isa = PBXFileReference; lastKnownFileType = text.plist.xml; path = Info.plist; sourceTree = "<group>"; };
		D29C384F275BF8CC00AD599C /* GameScene.swift */ = {isa = PBXFileReference; lastKnownFileType = sourcecode.swift; path = GameScene.swift; sourceTree = "<group>"; };
		D29C3851275C029F00AD599C /* Helpers.swift */ = {isa = PBXFileReference; lastKnownFileType = sourcecode.swift; path = Helpers.swift; sourceTree = "<group>"; };
		D29C3853275C0FFD00AD599C /* Constants.swift */ = {isa = PBXFileReference; lastKnownFileType = sourcecode.swift; path = Constants.swift; sourceTree = "<group>"; };
/* End PBXFileReference section */

/* Begin PBXFrameworksBuildPhase section */
		D29C382A275BC9BA00AD599C /* Frameworks */ = {
			isa = PBXFrameworksBuildPhase;
			buildActionMask = 2147483647;
			files = (
			);
			runOnlyForDeploymentPostprocessing = 0;
		};
/* End PBXFrameworksBuildPhase section */

/* Begin PBXGroup section */
		D29C3824275BC9BA00AD599C = {
			isa = PBXGroup;
			children = (
				D29C382F275BC9BA00AD599C /* ClobberGame */,
				D29C382E275BC9BA00AD599C /* Products */,
			);
			sourceTree = "<group>";
		};
		D29C382E275BC9BA00AD599C /* Products */ = {
			isa = PBXGroup;
			children = (
				D29C382D275BC9BA00AD599C /* ClobberGame.app */,
			);
			name = Products;
			sourceTree = "<group>";
		};
		D29C382F275BC9BA00AD599C /* ClobberGame */ = {
			isa = PBXGroup;
			children = (
				D29C3834275BC9BA00AD599C /* GameViewController.swift */,
				D29C384F275BF8CC00AD599C /* GameScene.swift */,
				D26110DB275D2B6E005F116B /* GameEngine.swift */,
				D26110DD275D2B98005F116B /* Checker.swift */,
				D29C384D275BDA5C00AD599C /* App */,
				D29C384C275BDA4A00AD599C /* SupportFiles */,
				D29C384E275BDA6B00AD599C /* View */,
				D29C3839275BC9BC00AD599C /* Assets.xcassets */,
				D29C383E275BC9BC00AD599C /* Info.plist */,
			);
			path = ClobberGame;
			sourceTree = "<group>";
		};
		D29C384C275BDA4A00AD599C /* SupportFiles */ = {
			isa = PBXGroup;
			children = (
				D29C3851275C029F00AD599C /* Helpers.swift */,
				D29C3853275C0FFD00AD599C /* Constants.swift */,
			);
			path = SupportFiles;
			sourceTree = "<group>";
		};
		D29C384D275BDA5C00AD599C /* App */ = {
			isa = PBXGroup;
			children = (
				D29C3830275BC9BA00AD599C /* AppDelegate.swift */,
				D29C3832275BC9BA00AD599C /* SceneDelegate.swift */,
			);
			path = App;
			sourceTree = "<group>";
		};
		D29C384E275BDA6B00AD599C /* View */ = {
			isa = PBXGroup;
			children = (
				D29C3836275BC9BA00AD599C /* Main.storyboard */,
				D29C383B275BC9BC00AD599C /* LaunchScreen.storyboard */,
			);
			path = View;
			sourceTree = "<group>";
		};
/* End PBXGroup section */

/* Begin PBXNativeTarget section */
		D29C382C275BC9BA00AD599C /* ClobberGame */ = {
			isa = PBXNativeTarget;
			buildConfigurationList = D29C3841275BC9BC00AD599C /* Build configuration list for PBXNativeTarget "ClobberGame" */;
			buildPhases = (
				D29C3829275BC9BA00AD599C /* Sources */,
				D29C382A275BC9BA00AD599C /* Frameworks */,
				D29C382B275BC9BA00AD599C /* Resources */,
			);
			buildRules = (
			);
			dependencies = (
			);
			name = ClobberGame;
			productName = ClobberGame;
			productReference = D29C382D275BC9BA00AD599C /* ClobberGame.app */;
			productType = "com.apple.product-type.application";
		};
/* End PBXNativeTarget section */

/* Begin PBXProject section */
		D29C3825275BC9BA00AD599C /* Project object */ = {
			isa = PBXProject;
			attributes = {
				BuildIndependentTargetsInParallel = 1;
				LastSwiftUpdateCheck = 1310;
				LastUpgradeCheck = 1310;
				TargetAttributes = {
					D29C382C275BC9BA00AD599C = {
						CreatedOnToolsVersion = 13.1;
					};
				};
			};
			buildConfigurationList = D29C3828275BC9BA00AD599C /* Build configuration list for PBXProject "ClobberGame" */;
			compatibilityVersion = "Xcode 13.0";
			developmentRegion = en;
			hasScannedForEncodings = 0;
			knownRegions = (
				en,
				Base,
			);
			mainGroup = D29C3824275BC9BA00AD599C;
			productRefGroup = D29C382E275BC9BA00AD599C /* Products */;
			projectDirPath = "";
			projectRoot = "";
			targets = (
				D29C382C275BC9BA00AD599C /* ClobberGame */,
			);
		};
/* End PBXProject section */

/* Begin PBXResourcesBuildPhase section */
		D29C382B275BC9BA00AD599C /* Resources */ = {
			isa = PBXResourcesBuildPhase;
			buildActionMask = 2147483647;
			files = (
				D29C383D275BC9BC00AD599C /* LaunchScreen.storyboard in Resources */,
				D29C383A275BC9BC00AD599C /* Assets.xcassets in Resources */,
				D29C3838275BC9BA00AD599C /* Main.storyboard in Resources */,
			);
			runOnlyForDeploymentPostprocessing = 0;
		};
/* End PBXResourcesBuildPhase section */

/* Begin PBXSourcesBuildPhase section */
		D29C3829275BC9BA00AD599C /* Sources */ = {
			isa = PBXSourcesBuildPhase;
			buildActionMask = 2147483647;
			files = (
				D29C3850275BF8CC00AD599C /* GameScene.swift in Sources */,
				D29C3835275BC9BA00AD599C /* GameViewController.swift in Sources */,
				D26110DC275D2B6E005F116B /* GameEngine.swift in Sources */,
				D29C3852275C029F00AD599C /* Helpers.swift in Sources */,
				D29C3854275C0FFD00AD599C /* Constants.swift in Sources */,
				D26110DE275D2B98005F116B /* Checker.swift in Sources */,
				D29C3831275BC9BA00AD599C /* AppDelegate.swift in Sources */,
				D29C3833275BC9BA00AD599C /* SceneDelegate.swift in Sources */,
			);
			runOnlyForDeploymentPostprocessing = 0;
		};
/* End PBXSourcesBuildPhase section */

/* Begin PBXVariantGroup section */
		D29C3836275BC9BA00AD599C /* Main.storyboard */ = {
			isa = PBXVariantGroup;
			children = (
				D29C3837275BC9BA00AD599C /* Base */,
			);
			name = Main.storyboard;
			sourceTree = "<group>";
		};
		D29C383B275BC9BC00AD599C /* LaunchScreen.storyboard */ = {
			isa = PBXVariantGroup;
			children = (
				D29C383C275BC9BC00AD599C /* Base */,
			);
			name = LaunchScreen.storyboard;
			sourceTree = "<group>";
		};
/* End PBXVariantGroup section */

/* Begin XCBuildConfiguration section */
		D29C383F275BC9BC00AD599C /* Debug */ = {
			isa = XCBuildConfiguration;
			buildSettings = {
				ALWAYS_SEARCH_USER_PATHS = NO;
				CLANG_ANALYZER_NONNULL = YES;
				CLANG_ANALYZER_NUMBER_OBJECT_CONVERSION = YES_AGGRESSIVE;
				CLANG_CXX_LANGUAGE_STANDARD = "gnu++17";
				CLANG_CXX_LIBRARY = "libc++";
				CLANG_ENABLE_MODULES = YES;
				CLANG_ENABLE_OBJC_ARC = YES;
				CLANG_ENABLE_OBJC_WEAK = YES;
				CLANG_WARN_BLOCK_CAPTURE_AUTORELEASING = YES;
				CLANG_WARN_BOOL_CONVERSION = YES;
				CLANG_WARN_COMMA = YES;
				CLANG_WARN_CONSTANT_CONVERSION = YES;
				CLANG_WARN_DEPRECATED_OBJC_IMPLEMENTATIONS = YES;
				CLANG_WARN_DIRECT_OBJC_ISA_USAGE = YES_ERROR;
				CLANG_WARN_DOCUMENTATION_COMMENTS = YES;
				CLANG_WARN_EMPTY_BODY = YES;
				CLANG_WARN_ENUM_CONVERSION = YES;
				CLANG_WARN_INFINITE_RECURSION = YES;
				CLANG_WARN_INT_CONVERSION = YES;
				CLANG_WARN_NON_LITERAL_NULL_CONVERSION = YES;
				CLANG_WARN_OBJC_IMPLICIT_RETAIN_SELF = YES;
				CLANG_WARN_OBJC_LITERAL_CONVERSION = YES;
				CLANG_WARN_OBJC_ROOT_CLASS = YES_ERROR;
				CLANG_WARN_QUOTED_INCLUDE_IN_FRAMEWORK_HEADER = YES;
				CLANG_WARN_RANGE_LOOP_ANALYSIS = YES;
				CLANG_WARN_STRICT_PROTOTYPES = YES;
				CLANG_WARN_SUSPICIOUS_MOVE = YES;
				CLANG_WARN_UNGUARDED_AVAILABILITY = YES_AGGRESSIVE;
				CLANG_WARN_UNREACHABLE_CODE = YES;
				CLANG_WARN__DUPLICATE_METHOD_MATCH = YES;
				COPY_PHASE_STRIP = NO;
				DEBUG_INFORMATION_FORMAT = dwarf;
				ENABLE_STRICT_OBJC_MSGSEND = YES;
				ENABLE_TESTABILITY = YES;
				GCC_C_LANGUAGE_STANDARD = gnu11;
				GCC_DYNAMIC_NO_PIC = NO;
				GCC_NO_COMMON_BLOCKS = YES;
				GCC_OPTIMIZATION_LEVEL = 0;
				GCC_PREPROCESSOR_DEFINITIONS = (
					"DEBUG=1",
					"$(inherited)",
				);
				GCC_WARN_64_TO_32_BIT_CONVERSION = YES;
				GCC_WARN_ABOUT_RETURN_TYPE = YES_ERROR;
				GCC_WARN_UNDECLARED_SELECTOR = YES;
				GCC_WARN_UNINITIALIZED_AUTOS = YES_AGGRESSIVE;
				GCC_WARN_UNUSED_FUNCTION = YES;
				GCC_WARN_UNUSED_VARIABLE = YES;
				IPHONEOS_DEPLOYMENT_TARGET = 15.0;
				MTL_ENABLE_DEBUG_INFO = INCLUDE_SOURCE;
				MTL_FAST_MATH = YES;
				ONLY_ACTIVE_ARCH = YES;
				SDKROOT = iphoneos;
				SWIFT_ACTIVE_COMPILATION_CONDITIONS = DEBUG;
				SWIFT_OPTIMIZATION_LEVEL = "-Onone";
			};
			name = Debug;
		};
		D29C3840275BC9BC00AD599C /* Release */ = {
			isa = XCBuildConfiguration;
			buildSettings = {
				ALWAYS_SEARCH_USER_PATHS = NO;
				CLANG_ANALYZER_NONNULL = YES;
				CLANG_ANALYZER_NUMBER_OBJECT_CONVERSION = YES_AGGRESSIVE;
				CLANG_CXX_LANGUAGE_STANDARD = "gnu++17";
				CLANG_CXX_LIBRARY = "libc++";
				CLANG_ENABLE_MODULES = YES;
				CLANG_ENABLE_OBJC_ARC = YES;
				CLANG_ENABLE_OBJC_WEAK = YES;
				CLANG_WARN_BLOCK_CAPTURE_AUTORELEASING = YES;
				CLANG_WARN_BOOL_CONVERSION = YES;
				CLANG_WARN_COMMA = YES;
				CLANG_WARN_CONSTANT_CONVERSION = YES;
				CLANG_WARN_DEPRECATED_OBJC_IMPLEMENTATIONS = YES;
				CLANG_WARN_DIRECT_OBJC_ISA_USAGE = YES_ERROR;
				CLANG_WARN_DOCUMENTATION_COMMENTS = YES;
				CLANG_WARN_EMPTY_BODY = YES;
				CLANG_WARN_ENUM_CONVERSION = YES;
				CLANG_WARN_INFINITE_RECURSION = YES;
				CLANG_WARN_INT_CONVERSION = YES;
				CLANG_WARN_NON_LITERAL_NULL_CONVERSION = YES;
				CLANG_WARN_OBJC_IMPLICIT_RETAIN_SELF = YES;
				CLANG_WARN_OBJC_LITERAL_CONVERSION = YES;
				CLANG_WARN_OBJC_ROOT_CLASS = YES_ERROR;
				CLANG_WARN_QUOTED_INCLUDE_IN_FRAMEWORK_HEADER = YES;
				CLANG_WARN_RANGE_LOOP_ANALYSIS = YES;
				CLANG_WARN_STRICT_PROTOTYPES = YES;
				CLANG_WARN_SUSPICIOUS_MOVE = YES;
				CLANG_WARN_UNGUARDED_AVAILABILITY = YES_AGGRESSIVE;
				CLANG_WARN_UNREACHABLE_CODE = YES;
				CLANG_WARN__DUPLICATE_METHOD_MATCH = YES;
				COPY_PHASE_STRIP = NO;
				DEBUG_INFORMATION_FORMAT = "dwarf-with-dsym";
				ENABLE_NS_ASSERTIONS = NO;
				ENABLE_STRICT_OBJC_MSGSEND = YES;
				GCC_C_LANGUAGE_STANDARD = gnu11;
				GCC_NO_COMMON_BLOCKS = YES;
				GCC_WARN_64_TO_32_BIT_CONVERSION = YES;
				GCC_WARN_ABOUT_RETURN_TYPE = YES_ERROR;
				GCC_WARN_UNDECLARED_SELECTOR = YES;
				GCC_WARN_UNINITIALIZED_AUTOS = YES_AGGRESSIVE;
				GCC_WARN_UNUSED_FUNCTION = YES;
				GCC_WARN_UNUSED_VARIABLE = YES;
				IPHONEOS_DEPLOYMENT_TARGET = 15.0;
				MTL_ENABLE_DEBUG_INFO = NO;
				MTL_FAST_MATH = YES;
				SDKROOT = iphoneos;
				SWIFT_COMPILATION_MODE = wholemodule;
				SWIFT_OPTIMIZATION_LEVEL = "-O";
				VALIDATE_PRODUCT = YES;
			};
			name = Release;
		};
		D29C3842275BC9BC00AD599C /* Debug */ = {
			isa = XCBuildConfiguration;
			buildSettings = {
				ASSETCATALOG_COMPILER_APPICON_NAME = AppIcon;
				ASSETCATALOG_COMPILER_GLOBAL_ACCENT_COLOR_NAME = AccentColor;
				CODE_SIGN_STYLE = Automatic;
				CURRENT_PROJECT_VERSION = 1;
				DEVELOPMENT_TEAM = CUJ73BXL42;
				GENERATE_INFOPLIST_FILE = YES;
				INFOPLIST_FILE = ClobberGame/Info.plist;
				INFOPLIST_KEY_CFBundleDisplayName = Clobber;
				INFOPLIST_KEY_UIApplicationSupportsIndirectInputEvents = YES;
				INFOPLIST_KEY_UILaunchStoryboardName = LaunchScreen;
				INFOPLIST_KEY_UIMainStoryboardFile = Main;
				INFOPLIST_KEY_UISupportedInterfaceOrientations = UIInterfaceOrientationPortrait;
				INFOPLIST_KEY_UISupportedInterfaceOrientations_iPad = "UIInterfaceOrientationPortrait UIInterfaceOrientationPortraitUpsideDown UIInterfaceOrientationLandscapeLeft UIInterfaceOrientationLandscapeRight";
				INFOPLIST_KEY_UISupportedInterfaceOrientations_iPhone = "UIInterfaceOrientationPortrait UIInterfaceOrientationLandscapeLeft UIInterfaceOrientationLandscapeRight";
				LD_RUNPATH_SEARCH_PATHS = (
					"$(inherited)",
					"@executable_path/Frameworks",
				);
				MARKETING_VERSION = 1.0;
				PRODUCT_BUNDLE_IDENTIFIER = kurking.ClobberGame;
				PRODUCT_NAME = "$(TARGET_NAME)";
				SWIFT_EMIT_LOC_STRINGS = YES;
				SWIFT_VERSION = 5.0;
				TARGETED_DEVICE_FAMILY = 1;
			};
			name = Debug;
		};
		D29C3843275BC9BC00AD599C /* Release */ = {
			isa = XCBuildConfiguration;
			buildSettings = {
				ASSETCATALOG_COMPILER_APPICON_NAME = AppIcon;
				ASSETCATALOG_COMPILER_GLOBAL_ACCENT_COLOR_NAME = AccentColor;
				CODE_SIGN_STYLE = Automatic;
				CURRENT_PROJECT_VERSION = 1;
				DEVELOPMENT_TEAM = CUJ73BXL42;
				GENERATE_INFOPLIST_FILE = YES;
				INFOPLIST_FILE = ClobberGame/Info.plist;
				INFOPLIST_KEY_CFBundleDisplayName = Clobber;
				INFOPLIST_KEY_UIApplicationSupportsIndirectInputEvents = YES;
				INFOPLIST_KEY_UILaunchStoryboardName = LaunchScreen;
				INFOPLIST_KEY_UIMainStoryboardFile = Main;
				INFOPLIST_KEY_UISupportedInterfaceOrientations = UIInterfaceOrientationPortrait;
				INFOPLIST_KEY_UISupportedInterfaceOrientations_iPad = "UIInterfaceOrientationPortrait UIInterfaceOrientationPortraitUpsideDown UIInterfaceOrientationLandscapeLeft UIInterfaceOrientationLandscapeRight";
				INFOPLIST_KEY_UISupportedInterfaceOrientations_iPhone = "UIInterfaceOrientationPortrait UIInterfaceOrientationLandscapeLeft UIInterfaceOrientationLandscapeRight";
				LD_RUNPATH_SEARCH_PATHS = (
					"$(inherited)",
					"@executable_path/Frameworks",
				);
				MARKETING_VERSION = 1.0;
				PRODUCT_BUNDLE_IDENTIFIER = kurking.ClobberGame;
				PRODUCT_NAME = "$(TARGET_NAME)";
				SWIFT_EMIT_LOC_STRINGS = YES;
				SWIFT_VERSION = 5.0;
				TARGETED_DEVICE_FAMILY = 1;
			};
			name = Release;
		};
/* End XCBuildConfiguration section */

/* Begin XCConfigurationList section */
		D29C3828275BC9BA00AD599C /* Build configuration list for PBXProject "ClobberGame" */ = {
			isa = XCConfigurationList;
			buildConfigurations = (
				D29C383F275BC9BC00AD599C /* Debug */,
				D29C3840275BC9BC00AD599C /* Release */,
			);
			defaultConfigurationIsVisible = 0;
			defaultConfigurationName = Release;
		};
		D29C3841275BC9BC00AD599C /* Build configuration list for PBXNativeTarget "ClobberGame" */ = {
			isa = XCConfigurationList;
			buildConfigurations = (
				D29C3842275BC9BC00AD599C /* Debug */,
				D29C3843275BC9BC00AD599C /* Release */,
			);
			defaultConfigurationIsVisible = 0;
			defaultConfigurationName = Release;
		};
/* End XCConfigurationList section */
	};
	rootObject = D29C3825275BC9BA00AD599C /* Project object */;
}
