// !$*UTF8*$!
{
	archiveVersion = 1;
	classes = {
	};
	objectVersion = 50;
	objects = {

/* Begin PBXBuildFile section */
		D2238A9626FB5F6900B13A0C /* Runable.swift in Sources */ = {isa = PBXBuildFile; fileRef = D2238A9526FB5F6900B13A0C /* Runable.swift */; };
		D2238A9826FB622B00B13A0C /* SearchResult.swift in Sources */ = {isa = PBXBuildFile; fileRef = D2238A9726FB622B00B13A0C /* SearchResult.swift */; };
		D2CF918426F8DA08003B8A21 /* main.swift in Sources */ = {isa = PBXBuildFile; fileRef = D2CF918326F8DA08003B8A21 /* main.swift */; };
		D2CF918B26F8DB45003B8A21 /* Matrix.swift in Sources */ = {isa = PBXBuildFile; fileRef = D2CF918A26F8DB45003B8A21 /* Matrix.swift */; };
		D2CF918F26F8E54F003B8A21 /* Node.swift in Sources */ = {isa = PBXBuildFile; fileRef = D2CF918E26F8E54F003B8A21 /* Node.swift */; };
		E2A74D0C26F9D28900FAC93F /* LDFS.swift in Sources */ = {isa = PBXBuildFile; fileRef = E2A74D0B26F9D28900FAC93F /* LDFS.swift */; };
		E2A74D0E26F9D51E00FAC93F /* AStar.swift in Sources */ = {isa = PBXBuildFile; fileRef = E2A74D0D26F9D51E00FAC93F /* AStar.swift */; };
/* End PBXBuildFile section */

/* Begin PBXCopyFilesBuildPhase section */
		D2CF917E26F8DA08003B8A21 /* CopyFiles */ = {
			isa = PBXCopyFilesBuildPhase;
			buildActionMask = 2147483647;
			dstPath = /usr/share/man/man1/;
			dstSubfolderSpec = 0;
			files = (
			);
			runOnlyForDeploymentPostprocessing = 1;
		};
/* End PBXCopyFilesBuildPhase section */

/* Begin PBXFileReference section */
		D2238A9526FB5F6900B13A0C /* Runable.swift */ = {isa = PBXFileReference; lastKnownFileType = sourcecode.swift; path = Runable.swift; sourceTree = "<group>"; };
		D2238A9726FB622B00B13A0C /* SearchResult.swift */ = {isa = PBXFileReference; lastKnownFileType = sourcecode.swift; path = SearchResult.swift; sourceTree = "<group>"; };
		D2CF918026F8DA08003B8A21 /* Al-lab1 */ = {isa = PBXFileReference; explicitFileType = "compiled.mach-o.executable"; includeInIndex = 0; path = "Al-lab1"; sourceTree = BUILT_PRODUCTS_DIR; };
		D2CF918326F8DA08003B8A21 /* main.swift */ = {isa = PBXFileReference; lastKnownFileType = sourcecode.swift; path = main.swift; sourceTree = "<group>"; };
		D2CF918A26F8DB45003B8A21 /* Matrix.swift */ = {isa = PBXFileReference; lastKnownFileType = sourcecode.swift; path = Matrix.swift; sourceTree = "<group>"; };
		D2CF918E26F8E54F003B8A21 /* Node.swift */ = {isa = PBXFileReference; lastKnownFileType = sourcecode.swift; path = Node.swift; sourceTree = "<group>"; };
		E2A74D0B26F9D28900FAC93F /* LDFS.swift */ = {isa = PBXFileReference; lastKnownFileType = sourcecode.swift; path = LDFS.swift; sourceTree = "<group>"; };
		E2A74D0D26F9D51E00FAC93F /* AStar.swift */ = {isa = PBXFileReference; lastKnownFileType = sourcecode.swift; path = AStar.swift; sourceTree = "<group>"; };
/* End PBXFileReference section */

/* Begin PBXFrameworksBuildPhase section */
		D2CF917D26F8DA08003B8A21 /* Frameworks */ = {
			isa = PBXFrameworksBuildPhase;
			buildActionMask = 2147483647;
			files = (
			);
			runOnlyForDeploymentPostprocessing = 0;
		};
/* End PBXFrameworksBuildPhase section */

/* Begin PBXGroup section */
		D2238A9326FB5F4B00B13A0C /* State */ = {
			isa = PBXGroup;
			children = (
				D2CF918A26F8DB45003B8A21 /* Matrix.swift */,
				D2CF918E26F8E54F003B8A21 /* Node.swift */,
			);
			path = State;
			sourceTree = "<group>";
		};
		D2238A9426FB5F5300B13A0C /* Algoritm */ = {
			isa = PBXGroup;
			children = (
				D2238A9526FB5F6900B13A0C /* Runable.swift */,
				D2238A9726FB622B00B13A0C /* SearchResult.swift */,
				E2A74D0B26F9D28900FAC93F /* LDFS.swift */,
				E2A74D0D26F9D51E00FAC93F /* AStar.swift */,
			);
			path = Algoritm;
			sourceTree = "<group>";
		};
		D2CF917726F8DA08003B8A21 = {
			isa = PBXGroup;
			children = (
				D2CF918226F8DA08003B8A21 /* Al-lab1 */,
				D2CF918126F8DA08003B8A21 /* Products */,
			);
			sourceTree = "<group>";
		};
		D2CF918126F8DA08003B8A21 /* Products */ = {
			isa = PBXGroup;
			children = (
				D2CF918026F8DA08003B8A21 /* Al-lab1 */,
			);
			name = Products;
			sourceTree = "<group>";
		};
		D2CF918226F8DA08003B8A21 /* Al-lab1 */ = {
			isa = PBXGroup;
			children = (
				D2CF918326F8DA08003B8A21 /* main.swift */,
				D2238A9326FB5F4B00B13A0C /* State */,
				D2238A9426FB5F5300B13A0C /* Algoritm */,
			);
			path = "Al-lab1";
			sourceTree = "<group>";
		};
/* End PBXGroup section */

/* Begin PBXNativeTarget section */
		D2CF917F26F8DA08003B8A21 /* Al-lab1 */ = {
			isa = PBXNativeTarget;
			buildConfigurationList = D2CF918726F8DA08003B8A21 /* Build configuration list for PBXNativeTarget "Al-lab1" */;
			buildPhases = (
				D2CF917C26F8DA08003B8A21 /* Sources */,
				D2CF917D26F8DA08003B8A21 /* Frameworks */,
				D2CF917E26F8DA08003B8A21 /* CopyFiles */,
			);
			buildRules = (
			);
			dependencies = (
			);
			name = "Al-lab1";
			productName = "Al-lab1";
			productReference = D2CF918026F8DA08003B8A21 /* Al-lab1 */;
			productType = "com.apple.product-type.tool";
		};
/* End PBXNativeTarget section */

/* Begin PBXProject section */
		D2CF917826F8DA08003B8A21 /* Project object */ = {
			isa = PBXProject;
			attributes = {
				LastSwiftUpdateCheck = 1250;
				LastUpgradeCheck = 1250;
				TargetAttributes = {
					D2CF917F26F8DA08003B8A21 = {
						CreatedOnToolsVersion = 12.5.1;
					};
				};
			};
			buildConfigurationList = D2CF917B26F8DA08003B8A21 /* Build configuration list for PBXProject "Al-lab1" */;
			compatibilityVersion = "Xcode 9.3";
			developmentRegion = en;
			hasScannedForEncodings = 0;
			knownRegions = (
				en,
				Base,
			);
			mainGroup = D2CF917726F8DA08003B8A21;
			productRefGroup = D2CF918126F8DA08003B8A21 /* Products */;
			projectDirPath = "";
			projectRoot = "";
			targets = (
				D2CF917F26F8DA08003B8A21 /* Al-lab1 */,
			);
		};
/* End PBXProject section */

/* Begin PBXSourcesBuildPhase section */
		D2CF917C26F8DA08003B8A21 /* Sources */ = {
			isa = PBXSourcesBuildPhase;
			buildActionMask = 2147483647;
			files = (
				D2CF918F26F8E54F003B8A21 /* Node.swift in Sources */,
				D2238A9826FB622B00B13A0C /* SearchResult.swift in Sources */,
				D2CF918B26F8DB45003B8A21 /* Matrix.swift in Sources */,
				E2A74D0C26F9D28900FAC93F /* LDFS.swift in Sources */,
				D2CF918426F8DA08003B8A21 /* main.swift in Sources */,
				E2A74D0E26F9D51E00FAC93F /* AStar.swift in Sources */,
				D2238A9626FB5F6900B13A0C /* Runable.swift in Sources */,
			);
			runOnlyForDeploymentPostprocessing = 0;
		};
/* End PBXSourcesBuildPhase section */

/* Begin XCBuildConfiguration section */
		D2CF918526F8DA08003B8A21 /* Debug */ = {
			isa = XCBuildConfiguration;
			buildSettings = {
				ALWAYS_SEARCH_USER_PATHS = NO;
				CLANG_ANALYZER_NONNULL = YES;
				CLANG_ANALYZER_NUMBER_OBJECT_CONVERSION = YES_AGGRESSIVE;
				CLANG_CXX_LANGUAGE_STANDARD = "gnu++14";
				CLANG_CXX_LIBRARY = "libc++";
				CLANG_ENABLE_MODULES = YES;
				CLANG_ENABLE_OBJC_ARC = YES;
				CLANG_ENABLE_OBJC_WEAK = YES;
				CLANG_WARN_BLOCK_CAPTURE_AUTORELEASING = YES;
				CLANG_WARN_BOOL_CONVERSION = YES;
				CLANG_WARN_COMMA = YES;
				CLANG_WARN_CONSTANT_CONVERSION = YES;
				CLANG_WARN_DEPRECATED_OBJC_IMPLEMENTATIONS = YES;
				CLANG_WARN_DIRECT_OBJC_ISA_USAGE = YES_ERROR;
				CLANG_WARN_DOCUMENTATION_COMMENTS = YES;
				CLANG_WARN_EMPTY_BODY = YES;
				CLANG_WARN_ENUM_CONVERSION = YES;
				CLANG_WARN_INFINITE_RECURSION = YES;
				CLANG_WARN_INT_CONVERSION = YES;
				CLANG_WARN_NON_LITERAL_NULL_CONVERSION = YES;
				CLANG_WARN_OBJC_IMPLICIT_RETAIN_SELF = YES;
				CLANG_WARN_OBJC_LITERAL_CONVERSION = YES;
				CLANG_WARN_OBJC_ROOT_CLASS = YES_ERROR;
				CLANG_WARN_QUOTED_INCLUDE_IN_FRAMEWORK_HEADER = YES;
				CLANG_WARN_RANGE_LOOP_ANALYSIS = YES;
				CLANG_WARN_STRICT_PROTOTYPES = YES;
				CLANG_WARN_SUSPICIOUS_MOVE = YES;
				CLANG_WARN_UNGUARDED_AVAILABILITY = YES_AGGRESSIVE;
				CLANG_WARN_UNREACHABLE_CODE = YES;
				CLANG_WARN__DUPLICATE_METHOD_MATCH = YES;
				COPY_PHASE_STRIP = NO;
				DEBUG_INFORMATION_FORMAT = dwarf;
				ENABLE_STRICT_OBJC_MSGSEND = YES;
				ENABLE_TESTABILITY = YES;
				GCC_C_LANGUAGE_STANDARD = gnu11;
				GCC_DYNAMIC_NO_PIC = NO;
				GCC_NO_COMMON_BLOCKS = YES;
				GCC_OPTIMIZATION_LEVEL = 0;
				GCC_PREPROCESSOR_DEFINITIONS = (
					"DEBUG=1",
					"$(inherited)",
				);
				GCC_WARN_64_TO_32_BIT_CONVERSION = YES;
				GCC_WARN_ABOUT_RETURN_TYPE = YES_ERROR;
				GCC_WARN_UNDECLARED_SELECTOR = YES;
				GCC_WARN_UNINITIALIZED_AUTOS = YES_AGGRESSIVE;
				GCC_WARN_UNUSED_FUNCTION = YES;
				GCC_WARN_UNUSED_VARIABLE = YES;
				MACOSX_DEPLOYMENT_TARGET = 11.3;
				MTL_ENABLE_DEBUG_INFO = INCLUDE_SOURCE;
				MTL_FAST_MATH = YES;
				ONLY_ACTIVE_ARCH = YES;
				SDKROOT = macosx;
				SWIFT_ACTIVE_COMPILATION_CONDITIONS = DEBUG;
				SWIFT_OPTIMIZATION_LEVEL = "-Onone";
			};
			name = Debug;
		};
		D2CF918626F8DA08003B8A21 /* Release */ = {
			isa = XCBuildConfiguration;
			buildSettings = {
				ALWAYS_SEARCH_USER_PATHS = NO;
				CLANG_ANALYZER_NONNULL = YES;
				CLANG_ANALYZER_NUMBER_OBJECT_CONVERSION = YES_AGGRESSIVE;
				CLANG_CXX_LANGUAGE_STANDARD = "gnu++14";
				CLANG_CXX_LIBRARY = "libc++";
				CLANG_ENABLE_MODULES = YES;
				CLANG_ENABLE_OBJC_ARC = YES;
				CLANG_ENABLE_OBJC_WEAK = YES;
				CLANG_WARN_BLOCK_CAPTURE_AUTORELEASING = YES;
				CLANG_WARN_BOOL_CONVERSION = YES;
				CLANG_WARN_COMMA = YES;
				CLANG_WARN_CONSTANT_CONVERSION = YES;
				CLANG_WARN_DEPRECATED_OBJC_IMPLEMENTATIONS = YES;
				CLANG_WARN_DIRECT_OBJC_ISA_USAGE = YES_ERROR;
				CLANG_WARN_DOCUMENTATION_COMMENTS = YES;
				CLANG_WARN_EMPTY_BODY = YES;
				CLANG_WARN_ENUM_CONVERSION = YES;
				CLANG_WARN_INFINITE_RECURSION = YES;
				CLANG_WARN_INT_CONVERSION = YES;
				CLANG_WARN_NON_LITERAL_NULL_CONVERSION = YES;
				CLANG_WARN_OBJC_IMPLICIT_RETAIN_SELF = YES;
				CLANG_WARN_OBJC_LITERAL_CONVERSION = YES;
				CLANG_WARN_OBJC_ROOT_CLASS = YES_ERROR;
				CLANG_WARN_QUOTED_INCLUDE_IN_FRAMEWORK_HEADER = YES;
				CLANG_WARN_RANGE_LOOP_ANALYSIS = YES;
				CLANG_WARN_STRICT_PROTOTYPES = YES;
				CLANG_WARN_SUSPICIOUS_MOVE = YES;
				CLANG_WARN_UNGUARDED_AVAILABILITY = YES_AGGRESSIVE;
				CLANG_WARN_UNREACHABLE_CODE = YES;
				CLANG_WARN__DUPLICATE_METHOD_MATCH = YES;
				COPY_PHASE_STRIP = NO;
				DEBUG_INFORMATION_FORMAT = "dwarf-with-dsym";
				ENABLE_NS_ASSERTIONS = NO;
				ENABLE_STRICT_OBJC_MSGSEND = YES;
				GCC_C_LANGUAGE_STANDARD = gnu11;
				GCC_NO_COMMON_BLOCKS = YES;
				GCC_WARN_64_TO_32_BIT_CONVERSION = YES;
				GCC_WARN_ABOUT_RETURN_TYPE = YES_ERROR;
				GCC_WARN_UNDECLARED_SELECTOR = YES;
				GCC_WARN_UNINITIALIZED_AUTOS = YES_AGGRESSIVE;
				GCC_WARN_UNUSED_FUNCTION = YES;
				GCC_WARN_UNUSED_VARIABLE = YES;
				MACOSX_DEPLOYMENT_TARGET = 11.3;
				MTL_ENABLE_DEBUG_INFO = NO;
				MTL_FAST_MATH = YES;
				SDKROOT = macosx;
				SWIFT_COMPILATION_MODE = wholemodule;
				SWIFT_OPTIMIZATION_LEVEL = "-O";
			};
			name = Release;
		};
		D2CF918826F8DA08003B8A21 /* Debug */ = {
			isa = XCBuildConfiguration;
			buildSettings = {
				CODE_SIGN_STYLE = Automatic;
				DEVELOPMENT_TEAM = "";
				ENABLE_HARDENED_RUNTIME = YES;
				PRODUCT_NAME = "$(TARGET_NAME)";
				SWIFT_VERSION = 5.0;
			};
			name = Debug;
		};
		D2CF918926F8DA08003B8A21 /* Release */ = {
			isa = XCBuildConfiguration;
			buildSettings = {
				CODE_SIGN_STYLE = Automatic;
				DEVELOPMENT_TEAM = "";
				ENABLE_HARDENED_RUNTIME = YES;
				PRODUCT_NAME = "$(TARGET_NAME)";
				SWIFT_VERSION = 5.0;
			};
			name = Release;
		};
/* End XCBuildConfiguration section */

/* Begin XCConfigurationList section */
		D2CF917B26F8DA08003B8A21 /* Build configuration list for PBXProject "Al-lab1" */ = {
			isa = XCConfigurationList;
			buildConfigurations = (
				D2CF918526F8DA08003B8A21 /* Debug */,
				D2CF918626F8DA08003B8A21 /* Release */,
			);
			defaultConfigurationIsVisible = 0;
			defaultConfigurationName = Release;
		};
		D2CF918726F8DA08003B8A21 /* Build configuration list for PBXNativeTarget "Al-lab1" */ = {
			isa = XCConfigurationList;
			buildConfigurations = (
				D2CF918826F8DA08003B8A21 /* Debug */,
				D2CF918926F8DA08003B8A21 /* Release */,
			);
			defaultConfigurationIsVisible = 0;
			defaultConfigurationName = Release;
		};
/* End XCConfigurationList section */
	};
	rootObject = D2CF917826F8DA08003B8A21 /* Project object */;
}
